
Microsoft Visual Studio Solution File, Format Version 12.00
# Visual Studio Version 17
VisualStudioVersion = 17.9.34407.89
MinimumVisualStudioVersion = 10.0.40219.1
Project("{9A19103F-16F7-4668-BE54-9A1E7A4F7556}") = "Domain", "Domain\Domain.csproj", "{6EAC2751-6AD0-4553-88BE-7BC7AA9000E6}"
EndProject
Project("{9A19103F-16F7-4668-BE54-9A1E7A4F7556}") = "Application", "Application\Application.csproj", "{5C183EA0-0414-46C1-96A2-2AC68F59FE6D}"
EndProject
Project("{9A19103F-16F7-4668-BE54-9A1E7A4F7556}") = "Infrastructure", "Infrastructure\Infrastructure.csproj", "{306942A9-0245-4718-8092-E2702BD359F4}"
EndProject
Project("{9A19103F-16F7-4668-BE54-9A1E7A4F7556}") = "WebApi", "WebApi\WebApi.csproj", "{3837E3CF-E781-49AB-A065-DF3B20F0D3FC}"
EndProject
Project("{2150E333-8FDC-42A3-9474-1A3956D46DE8}") = "src", "src", "{E9CB643C-B58D-438B-A0DF-C37184432AE6}"
EndProject
Project("{2150E333-8FDC-42A3-9474-1A3956D46DE8}") = "Solution Items", "Solution Items", "{A39953F9-4CA1-4515-8514-F4A08C368158}"
	ProjectSection(SolutionItems) = preProject
		.editorconfig = .editorconfig
	EndProjectSection
EndProject
Project("{9A19103F-16F7-4668-BE54-9A1E7A4F7556}") = "Contract", "Contract\Contract.csproj", "{4182008F-004D-4327-912C-8D7F3289D0FD}"
EndProject
Project("{9A19103F-16F7-4668-BE54-9A1E7A4F7556}") = "Persistence", "Persistence\Persistence.csproj", "{53ECDA29-5434-4DFE-A478-B2ACF569209F}"
EndProject
Project("{E53339B2-1760-4266-BCC7-CA923CBCF16C}") = "docker-compose", "docker-compose.dcproj", "{8E5B7783-BA20-4165-9C90-A76020B88BC3}"
EndProject
Project("{FAE04EC0-301F-11D3-BF4B-00C04F79EFBC}") = "Common", "..\Common\Common.csproj", "{B55A6109-07AA-447A-8175-C2B3FFDE0440}"
EndProject
Global
	GlobalSection(SolutionConfigurationPlatforms) = preSolution
		Debug|Any CPU = Debug|Any CPU
		Release|Any CPU = Release|Any CPU
	EndGlobalSection
	GlobalSection(ProjectConfigurationPlatforms) = postSolution
		{6EAC2751-6AD0-4553-88BE-7BC7AA9000E6}.Debug|Any CPU.ActiveCfg = Debug|Any CPU
		{6EAC2751-6AD0-4553-88BE-7BC7AA9000E6}.Debug|Any CPU.Build.0 = Debug|Any CPU
		{6EAC2751-6AD0-4553-88BE-7BC7AA9000E6}.Release|Any CPU.ActiveCfg = Release|Any CPU
		{6EAC2751-6AD0-4553-88BE-7BC7AA9000E6}.Release|Any CPU.Build.0 = Release|Any CPU
		{5C183EA0-0414-46C1-96A2-2AC68F59FE6D}.Debug|Any CPU.ActiveCfg = Debug|Any CPU
		{5C183EA0-0414-46C1-96A2-2AC68F59FE6D}.Debug|Any CPU.Build.0 = Debug|Any CPU
		{5C183EA0-0414-46C1-96A2-2AC68F59FE6D}.Release|Any CPU.ActiveCfg = Release|Any CPU
		{5C183EA0-0414-46C1-96A2-2AC68F59FE6D}.Release|Any CPU.Build.0 = Release|Any CPU
		{306942A9-0245-4718-8092-E2702BD359F4}.Debug|Any CPU.ActiveCfg = Debug|Any CPU
		{306942A9-0245-4718-8092-E2702BD359F4}.Debug|Any CPU.Build.0 = Debug|Any CPU
		{306942A9-0245-4718-8092-E2702BD359F4}.Release|Any CPU.ActiveCfg = Release|Any CPU
		{306942A9-0245-4718-8092-E2702BD359F4}.Release|Any CPU.Build.0 = Release|Any CPU
		{3837E3CF-E781-49AB-A065-DF3B20F0D3FC}.Debug|Any CPU.ActiveCfg = Debug|Any CPU
		{3837E3CF-E781-49AB-A065-DF3B20F0D3FC}.Debug|Any CPU.Build.0 = Debug|Any CPU
		{3837E3CF-E781-49AB-A065-DF3B20F0D3FC}.Release|Any CPU.ActiveCfg = Release|Any CPU
		{3837E3CF-E781-49AB-A065-DF3B20F0D3FC}.Release|Any CPU.Build.0 = Release|Any CPU
		{4182008F-004D-4327-912C-8D7F3289D0FD}.Debug|Any CPU.ActiveCfg = Debug|Any CPU
		{4182008F-004D-4327-912C-8D7F3289D0FD}.Debug|Any CPU.Build.0 = Debug|Any CPU
		{4182008F-004D-4327-912C-8D7F3289D0FD}.Release|Any CPU.ActiveCfg = Release|Any CPU
		{4182008F-004D-4327-912C-8D7F3289D0FD}.Release|Any CPU.Build.0 = Release|Any CPU
		{53ECDA29-5434-4DFE-A478-B2ACF569209F}.Debug|Any CPU.ActiveCfg = Debug|Any CPU
		{53ECDA29-5434-4DFE-A478-B2ACF569209F}.Debug|Any CPU.Build.0 = Debug|Any CPU
		{53ECDA29-5434-4DFE-A478-B2ACF569209F}.Release|Any CPU.ActiveCfg = Release|Any CPU
		{53ECDA29-5434-4DFE-A478-B2ACF569209F}.Release|Any CPU.Build.0 = Release|Any CPU
		{8E5B7783-BA20-4165-9C90-A76020B88BC3}.Debug|Any CPU.ActiveCfg = Debug|Any CPU
		{8E5B7783-BA20-4165-9C90-A76020B88BC3}.Debug|Any CPU.Build.0 = Debug|Any CPU
		{8E5B7783-BA20-4165-9C90-A76020B88BC3}.Release|Any CPU.ActiveCfg = Release|Any CPU
		{8E5B7783-BA20-4165-9C90-A76020B88BC3}.Release|Any CPU.Build.0 = Release|Any CPU
		{B55A6109-07AA-447A-8175-C2B3FFDE0440}.Debug|Any CPU.ActiveCfg = Debug|Any CPU
		{B55A6109-07AA-447A-8175-C2B3FFDE0440}.Debug|Any CPU.Build.0 = Debug|Any CPU
		{B55A6109-07AA-447A-8175-C2B3FFDE0440}.Release|Any CPU.ActiveCfg = Release|Any CPU
		{B55A6109-07AA-447A-8175-C2B3FFDE0440}.Release|Any CPU.Build.0 = Release|Any CPU
	EndGlobalSection
	GlobalSection(SolutionProperties) = preSolution
		HideSolutionNode = FALSE
	EndGlobalSection
	GlobalSection(NestedProjects) = preSolution
		{6EAC2751-6AD0-4553-88BE-7BC7AA9000E6} = {E9CB643C-B58D-438B-A0DF-C37184432AE6}
		{5C183EA0-0414-46C1-96A2-2AC68F59FE6D} = {E9CB643C-B58D-438B-A0DF-C37184432AE6}
		{306942A9-0245-4718-8092-E2702BD359F4} = {E9CB643C-B58D-438B-A0DF-C37184432AE6}
		{3837E3CF-E781-49AB-A065-DF3B20F0D3FC} = {E9CB643C-B58D-438B-A0DF-C37184432AE6}
		{4182008F-004D-4327-912C-8D7F3289D0FD} = {E9CB643C-B58D-438B-A0DF-C37184432AE6}
		{53ECDA29-5434-4DFE-A478-B2ACF569209F} = {E9CB643C-B58D-438B-A0DF-C37184432AE6}
		{B55A6109-07AA-447A-8175-C2B3FFDE0440} = {E9CB643C-B58D-438B-A0DF-C37184432AE6}
	EndGlobalSection
	GlobalSection(ExtensibilityGlobals) = postSolution
		SolutionGuid = {70EBF34E-7A35-4895-81E1-CBB6045081C4}
	EndGlobalSection
EndGlobal
